# THIS IS AN AUTOGENERATED FILE. DO NOT EDIT THIS FILE DIRECTLY.
# yarn lockfile v1


systeminformation@^5.11.4:
  version "5.11.4"
  resolved "https://registry.yarnpkg.com/systeminformation/-/systeminformation-5.11.4.tgz#3ed99533c67d0b4bd357871687e014f1c2a37194"
  integrity sha512-rh7bjpjP5whUaTknim5CiGdAiKZcgWhmbmxjzBRXDWqUc/k67bz2OP+03DdcX6/SN/CDSAi/NeUwM5o2gjHJoA==
